{
  "version": 4,
  "terraform_version": "1.14.5",
  "serial": 28,
  "lineage": "5d144736-6c10-46af-f513-273b496415a5",
  "outputs": {},
  "resources": [
    {
      "mode": "managed",
      "type": "snowflake_account_role",
      "name": "analyst",
      "provider": "provider[\"registry.terraform.io/snowflake-labs/snowflake\"]",
      "instances": [
        {
          "schema_version": 0,
          "attributes": {
            "comment": "",
            "fully_qualified_name": "\"ANALYST_ROLE\"",
            "id": "ANALYST_ROLE",
            "name": "ANALYST_ROLE",
            "show_output": [
              {
                "assigned_to_users": 1,
                "comment": "",
                "created_on": "2026-02-21 20:36:09.344 -0500 EST",
                "granted_roles": 0,
                "granted_to_roles": 0,
                "is_current": false,
                "is_default": false,
                "is_inherited": false,
                "name": "ANALYST_ROLE",
                "owner": "SECURITYADMIN"
              }
            ]
          },
          "sensitive_attributes": [],
          "identity_schema_version": 0,
          "private": "bnVsbA=="
        }
      ]
    },
    {
      "mode": "managed",
      "type": "snowflake_account_role",
      "name": "pii_reader",
      "provider": "provider[\"registry.terraform.io/snowflake-labs/snowflake\"]",
      "instances": [
        {
          "schema_version": 0,
          "attributes": {
            "comment": "",
            "fully_qualified_name": "\"PII_READER_ROLE\"",
            "id": "PII_READER_ROLE",
            "name": "PII_READER_ROLE",
            "show_output": [
              {
                "assigned_to_users": 1,
                "comment": "",
                "created_on": "2026-02-21 20:36:09.568 -0500 EST",
                "granted_roles": 0,
                "granted_to_roles": 0,
                "is_current": false,
                "is_default": false,
                "is_inherited": false,
                "name": "PII_READER_ROLE",
                "owner": "SECURITYADMIN"
              }
            ]
          },
          "sensitive_attributes": [],
          "identity_schema_version": 0,
          "private": "bnVsbA=="
        }
      ]
    },
    {
      "mode": "managed",
      "type": "snowflake_database",
      "name": "analytics",
      "provider": "provider[\"registry.terraform.io/snowflake-labs/snowflake\"]",
      "instances": [
        {
          "schema_version": 1,
          "attributes": {
            "catalog": "",
            "comment": "",
            "data_retention_time_in_days": 1,
            "default_ddl_collation": "",
            "drop_public_schema_on_creation": null,
            "enable_console_output": false,
            "external_volume": "",
            "fully_qualified_name": "\"ANALYTICS\"",
            "id": "ANALYTICS",
            "is_transient": false,
            "log_level": "OFF",
            "max_data_extension_time_in_days": 14,
            "name": "ANALYTICS",
            "quoted_identifiers_ignore_case": false,
            "replace_invalid_characters": false,
            "replication": [],
            "storage_serialization_policy": "OPTIMIZED",
            "suspend_task_after_num_failures": 10,
            "task_auto_retry_attempts": 0,
            "trace_level": "OFF",
            "user_task_managed_initial_warehouse_size": "Medium",
            "user_task_minimum_trigger_interval_in_seconds": 30,
            "user_task_timeout_ms": 3600000
          },
          "sensitive_attributes": [],
          "identity_schema_version": 0,
          "private": "eyJzY2hlbWFfdmVyc2lvbiI6IjEifQ=="
        }
      ]
    },
    {
      "mode": "managed",
      "type": "snowflake_grant_privileges_to_account_role",
      "name": "analytics_db_usage_analyst",
      "provider": "provider[\"registry.terraform.io/snowflake-labs/snowflake\"]",
      "instances": [
        {
          "schema_version": 0,
          "attributes": {
            "account_role_name": "ANALYST_ROLE",
            "all_privileges": false,
            "always_apply": false,
            "always_apply_trigger": null,
            "id": "\"ANALYST_ROLE\"|false|false|USAGE|OnAccountObject|DATABASE|\"ANALYTICS\"",
            "on_account": false,
            "on_account_object": [
              {
                "object_name": "ANALYTICS",
                "object_type": "DATABASE"
              }
            ],
            "on_schema": [],
            "on_schema_object": [],
            "privileges": [
              "USAGE"
            ],
            "with_grant_option": false
          },
          "sensitive_attributes": [],
          "identity_schema_version": 0,
          "private": "bnVsbA==",
          "dependencies": [
            "snowflake_account_role.analyst",
            "snowflake_database.analytics"
          ]
        }
      ]
    },
    {
      "mode": "managed",
      "type": "snowflake_grant_privileges_to_account_role",
      "name": "analytics_db_usage_pii",
      "provider": "provider[\"registry.terraform.io/snowflake-labs/snowflake\"]",
      "instances": [
        {
          "schema_version": 0,
          "attributes": {
            "account_role_name": "PII_READER_ROLE",
            "all_privileges": false,
            "always_apply": false,
            "always_apply_trigger": null,
            "id": "\"PII_READER_ROLE\"|false|false|USAGE|OnAccountObject|DATABASE|\"ANALYTICS\"",
            "on_account": false,
            "on_account_object": [
              {
                "object_name": "ANALYTICS",
                "object_type": "DATABASE"
              }
            ],
            "on_schema": [],
            "on_schema_object": [],
            "privileges": [
              "USAGE"
            ],
            "with_grant_option": false
          },
          "sensitive_attributes": [],
          "identity_schema_version": 0,
          "private": "bnVsbA==",
          "dependencies": [
            "snowflake_account_role.pii_reader",
            "snowflake_database.analytics"
          ]
        }
      ]
    },
    {
      "mode": "managed",
      "type": "snowflake_grant_privileges_to_account_role",
      "name": "non_pii_future_select_analyst",
      "provider": "provider[\"registry.terraform.io/snowflake-labs/snowflake\"]",
      "instances": [
        {
          "schema_version": 0,
          "attributes": {
            "account_role_name": "ANALYST_ROLE",
            "all_privileges": false,
            "always_apply": false,
            "always_apply_trigger": null,
            "id": "\"ANALYST_ROLE\"|false|false|SELECT|OnSchemaObject|OnFuture|TABLES|InSchema|\"ANALYTICS\".\"NON_PII\"",
            "on_account": false,
            "on_account_object": [],
            "on_schema": [],
            "on_schema_object": [
              {
                "all": [],
                "future": [
                  {
                    "in_database": "",
                    "in_schema": "\"ANALYTICS\".\"NON_PII\"",
                    "object_type_plural": "TABLES"
                  }
                ],
                "object_name": "",
                "object_type": ""
              }
            ],
            "privileges": [
              "SELECT"
            ],
            "with_grant_option": false
          },
          "sensitive_attributes": [],
          "identity_schema_version": 0,
          "private": "bnVsbA==",
          "dependencies": [
            "snowflake_account_role.analyst",
            "snowflake_database.analytics",
            "snowflake_schema.non_pii"
          ]
        }
      ]
    },
    {
      "mode": "managed",
      "type": "snowflake_grant_privileges_to_account_role",
      "name": "non_pii_future_select_pii",
      "provider": "provider[\"registry.terraform.io/snowflake-labs/snowflake\"]",
      "instances": [
        {
          "schema_version": 0,
          "attributes": {
            "account_role_name": "PII_READER_ROLE",
            "all_privileges": false,
            "always_apply": false,
            "always_apply_trigger": null,
            "id": "\"PII_READER_ROLE\"|false|false|SELECT|OnSchemaObject|OnFuture|TABLES|InSchema|\"ANALYTICS\".\"NON_PII\"",
            "on_account": false,
            "on_account_object": [],
            "on_schema": [],
            "on_schema_object": [
              {
                "all": [],
                "future": [
                  {
                    "in_database": "",
                    "in_schema": "\"ANALYTICS\".\"NON_PII\"",
                    "object_type_plural": "TABLES"
                  }
                ],
                "object_name": "",
                "object_type": ""
              }
            ],
            "privileges": [
              "SELECT"
            ],
            "with_grant_option": false
          },
          "sensitive_attributes": [],
          "identity_schema_version": 0,
          "private": "bnVsbA==",
          "dependencies": [
            "snowflake_account_role.pii_reader",
            "snowflake_database.analytics",
            "snowflake_schema.non_pii"
          ]
        }
      ]
    },
    {
      "mode": "managed",
      "type": "snowflake_grant_privileges_to_account_role",
      "name": "non_pii_schema_usage_analyst",
      "provider": "provider[\"registry.terraform.io/snowflake-labs/snowflake\"]",
      "instances": [
        {
          "schema_version": 0,
          "attributes": {
            "account_role_name": "ANALYST_ROLE",
            "all_privileges": false,
            "always_apply": false,
            "always_apply_trigger": null,
            "id": "\"ANALYST_ROLE\"|false|false|USAGE|OnSchema|OnSchema|\"ANALYTICS\".\"NON_PII\"",
            "on_account": false,
            "on_account_object": [],
            "on_schema": [
              {
                "all_schemas_in_database": "",
                "future_schemas_in_database": "",
                "schema_name": "\"ANALYTICS\".\"NON_PII\""
              }
            ],
            "on_schema_object": [],
            "privileges": [
              "USAGE"
            ],
            "with_grant_option": false
          },
          "sensitive_attributes": [],
          "identity_schema_version": 0,
          "private": "bnVsbA==",
          "dependencies": [
            "snowflake_account_role.analyst",
            "snowflake_database.analytics",
            "snowflake_schema.non_pii"
          ]
        }
      ]
    },
    {
      "mode": "managed",
      "type": "snowflake_grant_privileges_to_account_role",
      "name": "non_pii_schema_usage_pii",
      "provider": "provider[\"registry.terraform.io/snowflake-labs/snowflake\"]",
      "instances": [
        {
          "schema_version": 0,
          "attributes": {
            "account_role_name": "PII_READER_ROLE",
            "all_privileges": false,
            "always_apply": false,
            "always_apply_trigger": null,
            "id": "\"PII_READER_ROLE\"|false|false|USAGE|OnSchema|OnSchema|\"ANALYTICS\".\"NON_PII\"",
            "on_account": false,
            "on_account_object": [],
            "on_schema": [
              {
                "all_schemas_in_database": "",
                "future_schemas_in_database": "",
                "schema_name": "\"ANALYTICS\".\"NON_PII\""
              }
            ],
            "on_schema_object": [],
            "privileges": [
              "USAGE"
            ],
            "with_grant_option": false
          },
          "sensitive_attributes": [],
          "identity_schema_version": 0,
          "private": "bnVsbA==",
          "dependencies": [
            "snowflake_account_role.pii_reader",
            "snowflake_database.analytics",
            "snowflake_schema.non_pii"
          ]
        }
      ]
    },
    {
      "mode": "managed",
      "type": "snowflake_grant_privileges_to_account_role",
      "name": "pii_future_select",
      "provider": "provider[\"registry.terraform.io/snowflake-labs/snowflake\"]",
      "instances": [
        {
          "schema_version": 0,
          "attributes": {
            "account_role_name": "PII_READER_ROLE",
            "all_privileges": false,
            "always_apply": false,
            "always_apply_trigger": null,
            "id": "\"PII_READER_ROLE\"|false|false|SELECT|OnSchemaObject|OnFuture|TABLES|InSchema|\"ANALYTICS\".\"PII\"",
            "on_account": false,
            "on_account_object": [],
            "on_schema": [],
            "on_schema_object": [
              {
                "all": [],
                "future": [
                  {
                    "in_database": "",
                    "in_schema": "\"ANALYTICS\".\"PII\"",
                    "object_type_plural": "TABLES"
                  }
                ],
                "object_name": "",
                "object_type": ""
              }
            ],
            "privileges": [
              "SELECT"
            ],
            "with_grant_option": false
          },
          "sensitive_attributes": [],
          "identity_schema_version": 0,
          "private": "bnVsbA==",
          "dependencies": [
            "snowflake_account_role.pii_reader",
            "snowflake_database.analytics",
            "snowflake_schema.pii"
          ]
        }
      ]
    },
    {
      "mode": "managed",
      "type": "snowflake_grant_privileges_to_account_role",
      "name": "pii_schema_usage",
      "provider": "provider[\"registry.terraform.io/snowflake-labs/snowflake\"]",
      "instances": [
        {
          "schema_version": 0,
          "attributes": {
            "account_role_name": "PII_READER_ROLE",
            "all_privileges": false,
            "always_apply": false,
            "always_apply_trigger": null,
            "id": "\"PII_READER_ROLE\"|false|false|USAGE|OnSchema|OnSchema|\"ANALYTICS\".\"PII\"",
            "on_account": false,
            "on_account_object": [],
            "on_schema": [
              {
                "all_schemas_in_database": "",
                "future_schemas_in_database": "",
                "schema_name": "\"ANALYTICS\".\"PII\""
              }
            ],
            "on_schema_object": [],
            "privileges": [
              "USAGE"
            ],
            "with_grant_option": false
          },
          "sensitive_attributes": [],
          "identity_schema_version": 0,
          "private": "bnVsbA==",
          "dependencies": [
            "snowflake_account_role.pii_reader",
            "snowflake_database.analytics",
            "snowflake_schema.pii"
          ]
        }
      ]
    },
    {
      "mode": "managed",
      "type": "snowflake_schema",
      "name": "non_pii",
      "provider": "provider[\"registry.terraform.io/snowflake-labs/snowflake\"]",
      "instances": [
        {
          "schema_version": 2,
          "attributes": {
            "catalog": "",
            "comment": "",
            "data_retention_time_in_days": 1,
            "database": "ANALYTICS",
            "default_ddl_collation": "",
            "describe_output": [],
            "enable_console_output": false,
            "external_volume": "",
            "fully_qualified_name": "\"ANALYTICS\".\"NON_PII\"",
            "id": "\"ANALYTICS\".\"NON_PII\"",
            "is_transient": "default",
            "log_level": "OFF",
            "max_data_extension_time_in_days": 14,
            "name": "NON_PII",
            "parameters": [
              {
                "catalog": [
                  {
                    "default": "",
                    "description": "Name of the catalog integration to use for iceberg tables",
                    "key": "CATALOG",
                    "level": "",
                    "value": ""
                  }
                ],
                "data_retention_time_in_days": [
                  {
                    "default": "1",
                    "description": "number of days to retain the old version of deleted/updated data",
                    "key": "DATA_RETENTION_TIME_IN_DAYS",
                    "level": "",
                    "value": "1"
                  }
                ],
                "default_ddl_collation": [
                  {
                    "default": "",
                    "description": "Collation that is used for all the new columns created by the DDL statements (if not specified)",
                    "key": "DEFAULT_DDL_COLLATION",
                    "level": "",
                    "value": ""
                  }
                ],
                "enable_console_output": [
                  {
                    "default": "false",
                    "description": "Enable stdout/stderr fast path logging for anonyous stored procs. This is a public parameter (similar to LOG_LEVEL).",
                    "key": "ENABLE_CONSOLE_OUTPUT",
                    "level": "",
                    "value": "false"
                  }
                ],
                "external_volume": [
                  {
                    "default": "",
                    "description": "Name of an external volume that will be used for persisted Iceberg metadata and data files.",
                    "key": "EXTERNAL_VOLUME",
                    "level": "",
                    "value": ""
                  }
                ],
                "log_level": [
                  {
                    "default": "OFF",
                    "description": "LOG_LEVEL to use when filtering events",
                    "key": "LOG_LEVEL",
                    "level": "",
                    "value": "OFF"
                  }
                ],
                "max_data_extension_time_in_days": [
                  {
                    "default": "14",
                    "description": "Maximum number of days to extend data retention beyond the retention period to prevent a stream becoming stale.",
                    "key": "MAX_DATA_EXTENSION_TIME_IN_DAYS",
                    "level": "",
                    "value": "14"
                  }
                ],
                "pipe_execution_paused": [
                  {
                    "default": "false",
                    "description": "Pause processing of files for a pipe",
                    "key": "PIPE_EXECUTION_PAUSED",
                    "level": "",
                    "value": "false"
                  }
                ],
                "quoted_identifiers_ignore_case": [
                  {
                    "default": "false",
                    "description": "If true, the case of quoted identifiers is ignored",
                    "key": "QUOTED_IDENTIFIERS_IGNORE_CASE",
                    "level": "",
                    "value": "false"
                  }
                ],
                "replace_invalid_characters": [
                  {
                    "default": "false",
                    "description": "Replace invalid UTF-8 characters found in Iceberg table external data files with the Unicode replacement character",
                    "key": "REPLACE_INVALID_CHARACTERS",
                    "level": "",
                    "value": "false"
                  }
                ],
                "storage_serialization_policy": [
                  {
                    "default": "OPTIMIZED",
                    "description": "Storage serialization policy used for managed Iceberg table. This include encodings and compressions",
                    "key": "STORAGE_SERIALIZATION_POLICY",
                    "level": "",
                    "value": "OPTIMIZED"
                  }
                ],
                "suspend_task_after_num_failures": [
                  {
                    "default": "10",
                    "description": "How many times a task must fail in a row before it is automatically suspended. 0 disables auto-suspending.",
                    "key": "SUSPEND_TASK_AFTER_NUM_FAILURES",
                    "level": "",
                    "value": "10"
                  }
                ],
                "task_auto_retry_attempts": [
                  {
                    "default": "0",
                    "description": "Maximum Automatic Retries Allowed For A User Task",
                    "key": "TASK_AUTO_RETRY_ATTEMPTS",
                    "level": "",
                    "value": "0"
                  }
                ],
                "trace_level": [
                  {
                    "default": "OFF",
                    "description": "Trace level value to use when generating/filtering trace events",
                    "key": "TRACE_LEVEL",
                    "level": "",
                    "value": "OFF"
                  }
                ],
                "user_task_managed_initial_warehouse_size": [
                  {
                    "default": "Medium",
                    "description": "The initial size of warehouse to use for managed warehouses in the absence of history",
                    "key": "USER_TASK_MANAGED_INITIAL_WAREHOUSE_SIZE",
                    "level": "",
                    "value": "Medium"
                  }
                ],
                "user_task_minimum_trigger_interval_in_seconds": [
                  {
                    "default": "30",
                    "description": "Minimum amount of time between Triggered Task executions in seconds",
                    "key": "USER_TASK_MINIMUM_TRIGGER_INTERVAL_IN_SECONDS",
                    "level": "",
                    "value": "30"
                  }
                ],
                "user_task_timeout_ms": [
                  {
                    "default": "3600000",
                    "description": "User task execution timeout in milliseconds",
                    "key": "USER_TASK_TIMEOUT_MS",
                    "level": "",
                    "value": "3600000"
                  }
                ]
              }
            ],
            "pipe_execution_paused": false,
            "quoted_identifiers_ignore_case": false,
            "replace_invalid_characters": false,
            "show_output": [
              {
                "comment": "",
                "created_on": "2026-02-21 19:40:12.329 -0500 EST",
                "database_name": "ANALYTICS",
                "dropped_on": "0001-01-01 00:00:00 +0000 UTC",
                "is_current": false,
                "is_default": false,
                "name": "NON_PII",
                "options": "",
                "owner": "SYSADMIN",
                "owner_role_type": "ROLE",
                "retention_time": "1"
              }
            ],
            "storage_serialization_policy": "OPTIMIZED",
            "suspend_task_after_num_failures": 10,
            "task_auto_retry_attempts": 0,
            "trace_level": "OFF",
            "user_task_managed_initial_warehouse_size": "Medium",
            "user_task_minimum_trigger_interval_in_seconds": 30,
            "user_task_timeout_ms": 3600000,
            "with_managed_access": "default"
          },
          "sensitive_attributes": [],
          "identity_schema_version": 0,
          "private": "eyJzY2hlbWFfdmVyc2lvbiI6IjIifQ==",
          "dependencies": [
            "snowflake_database.analytics"
          ]
        }
      ]
    },
    {
      "mode": "managed",
      "type": "snowflake_schema",
      "name": "pii",
      "provider": "provider[\"registry.terraform.io/snowflake-labs/snowflake\"]",
      "instances": [
        {
          "schema_version": 2,
          "attributes": {
            "catalog": "",
            "comment": "",
            "data_retention_time_in_days": 1,
            "database": "ANALYTICS",
            "default_ddl_collation": "",
            "describe_output": [],
            "enable_console_output": false,
            "external_volume": "",
            "fully_qualified_name": "\"ANALYTICS\".\"PII\"",
            "id": "\"ANALYTICS\".\"PII\"",
            "is_transient": "default",
            "log_level": "OFF",
            "max_data_extension_time_in_days": 14,
            "name": "PII",
            "parameters": [
              {
                "catalog": [
                  {
                    "default": "",
                    "description": "Name of the catalog integration to use for iceberg tables",
                    "key": "CATALOG",
                    "level": "",
                    "value": ""
                  }
                ],
                "data_retention_time_in_days": [
                  {
                    "default": "1",
                    "description": "number of days to retain the old version of deleted/updated data",
                    "key": "DATA_RETENTION_TIME_IN_DAYS",
                    "level": "",
                    "value": "1"
                  }
                ],
                "default_ddl_collation": [
                  {
                    "default": "",
                    "description": "Collation that is used for all the new columns created by the DDL statements (if not specified)",
                    "key": "DEFAULT_DDL_COLLATION",
                    "level": "",
                    "value": ""
                  }
                ],
                "enable_console_output": [
                  {
                    "default": "false",
                    "description": "Enable stdout/stderr fast path logging for anonyous stored procs. This is a public parameter (similar to LOG_LEVEL).",
                    "key": "ENABLE_CONSOLE_OUTPUT",
                    "level": "",
                    "value": "false"
                  }
                ],
                "external_volume": [
                  {
                    "default": "",
                    "description": "Name of an external volume that will be used for persisted Iceberg metadata and data files.",
                    "key": "EXTERNAL_VOLUME",
                    "level": "",
                    "value": ""
                  }
                ],
                "log_level": [
                  {
                    "default": "OFF",
                    "description": "LOG_LEVEL to use when filtering events",
                    "key": "LOG_LEVEL",
                    "level": "",
                    "value": "OFF"
                  }
                ],
                "max_data_extension_time_in_days": [
                  {
                    "default": "14",
                    "description": "Maximum number of days to extend data retention beyond the retention period to prevent a stream becoming stale.",
                    "key": "MAX_DATA_EXTENSION_TIME_IN_DAYS",
                    "level": "",
                    "value": "14"
                  }
                ],
                "pipe_execution_paused": [
                  {
                    "default": "false",
                    "description": "Pause processing of files for a pipe",
                    "key": "PIPE_EXECUTION_PAUSED",
                    "level": "",
                    "value": "false"
                  }
                ],
                "quoted_identifiers_ignore_case": [
                  {
                    "default": "false",
                    "description": "If true, the case of quoted identifiers is ignored",
                    "key": "QUOTED_IDENTIFIERS_IGNORE_CASE",
                    "level": "",
                    "value": "false"
                  }
                ],
                "replace_invalid_characters": [
                  {
                    "default": "false",
                    "description": "Replace invalid UTF-8 characters found in Iceberg table external data files with the Unicode replacement character",
                    "key": "REPLACE_INVALID_CHARACTERS",
                    "level": "",
                    "value": "false"
                  }
                ],
                "storage_serialization_policy": [
                  {
                    "default": "OPTIMIZED",
                    "description": "Storage serialization policy used for managed Iceberg table. This include encodings and compressions",
                    "key": "STORAGE_SERIALIZATION_POLICY",
                    "level": "",
                    "value": "OPTIMIZED"
                  }
                ],
                "suspend_task_after_num_failures": [
                  {
                    "default": "10",
                    "description": "How many times a task must fail in a row before it is automatically suspended. 0 disables auto-suspending.",
                    "key": "SUSPEND_TASK_AFTER_NUM_FAILURES",
                    "level": "",
                    "value": "10"
                  }
                ],
                "task_auto_retry_attempts": [
                  {
                    "default": "0",
                    "description": "Maximum Automatic Retries Allowed For A User Task",
                    "key": "TASK_AUTO_RETRY_ATTEMPTS",
                    "level": "",
                    "value": "0"
                  }
                ],
                "trace_level": [
                  {
                    "default": "OFF",
                    "description": "Trace level value to use when generating/filtering trace events",
                    "key": "TRACE_LEVEL",
                    "level": "",
                    "value": "OFF"
                  }
                ],
                "user_task_managed_initial_warehouse_size": [
                  {
                    "default": "Medium",
                    "description": "The initial size of warehouse to use for managed warehouses in the absence of history",
                    "key": "USER_TASK_MANAGED_INITIAL_WAREHOUSE_SIZE",
                    "level": "",
                    "value": "Medium"
                  }
                ],
                "user_task_minimum_trigger_interval_in_seconds": [
                  {
                    "default": "30",
                    "description": "Minimum amount of time between Triggered Task executions in seconds",
                    "key": "USER_TASK_MINIMUM_TRIGGER_INTERVAL_IN_SECONDS",
                    "level": "",
                    "value": "30"
                  }
                ],
                "user_task_timeout_ms": [
                  {
                    "default": "3600000",
                    "description": "User task execution timeout in milliseconds",
                    "key": "USER_TASK_TIMEOUT_MS",
                    "level": "",
                    "value": "3600000"
                  }
                ]
              }
            ],
            "pipe_execution_paused": false,
            "quoted_identifiers_ignore_case": false,
            "replace_invalid_characters": false,
            "show_output": [
              {
                "comment": "",
                "created_on": "2026-02-21 19:40:13.239 -0500 EST",
                "database_name": "ANALYTICS",
                "dropped_on": "0001-01-01 00:00:00 +0000 UTC",
                "is_current": false,
                "is_default": false,
                "name": "PII",
                "options": "",
                "owner": "SYSADMIN",
                "owner_role_type": "ROLE",
                "retention_time": "1"
              }
            ],
            "storage_serialization_policy": "OPTIMIZED",
            "suspend_task_after_num_failures": 10,
            "task_auto_retry_attempts": 0,
            "trace_level": "OFF",
            "user_task_managed_initial_warehouse_size": "Medium",
            "user_task_minimum_trigger_interval_in_seconds": 30,
            "user_task_timeout_ms": 3600000,
            "with_managed_access": "default"
          },
          "sensitive_attributes": [],
          "identity_schema_version": 0,
          "private": "eyJzY2hlbWFfdmVyc2lvbiI6IjIifQ==",
          "dependencies": [
            "snowflake_database.analytics"
          ]
        }
      ]
    },
    {
      "mode": "managed",
      "type": "snowflake_table",
      "name": "customers_private",
      "provider": "provider[\"registry.terraform.io/snowflake-labs/snowflake\"]",
      "instances": [
        {
          "schema_version": 0,
          "attributes": {
            "change_tracking": false,
            "cluster_by": null,
            "column": [
              {
                "collate": "",
                "comment": "",
                "default": [],
                "identity": [],
                "masking_policy": "",
                "name": "CUSTOMER_ID",
                "nullable": true,
                "schema_evolution_record": "",
                "type": "NUMBER(38,0)"
              },
              {
                "collate": "",
                "comment": "",
                "default": [],
                "identity": [],
                "masking_policy": "",
                "name": "EMAIL",
                "nullable": true,
                "schema_evolution_record": "",
                "type": "VARCHAR(255)"
              },
              {
                "collate": "",
                "comment": "",
                "default": [],
                "identity": [],
                "masking_policy": "",
                "name": "PHONE",
                "nullable": true,
                "schema_evolution_record": "",
                "type": "VARCHAR(20)"
              }
            ],
            "comment": "PII data – restricted access",
            "data_retention_time_in_days": -1,
            "database": "ANALYTICS",
            "fully_qualified_name": "\"ANALYTICS\".\"PII\".\"CUSTOMERS_PRIVATE\"",
            "id": "ANALYTICS|PII|CUSTOMERS_PRIVATE",
            "name": "CUSTOMERS_PRIVATE",
            "owner": "SYSADMIN",
            "primary_key": [],
            "schema": "PII",
            "tag": []
          },
          "sensitive_attributes": [],
          "identity_schema_version": 0,
          "private": "bnVsbA==",
          "dependencies": [
            "snowflake_database.analytics",
            "snowflake_schema.pii"
          ]
        }
      ]
    },
    {
      "mode": "managed",
      "type": "snowflake_table",
      "name": "customers_public",
      "provider": "provider[\"registry.terraform.io/snowflake-labs/snowflake\"]",
      "instances": [
        {
          "schema_version": 0,
          "attributes": {
            "change_tracking": false,
            "cluster_by": null,
            "column": [
              {
                "collate": "",
                "comment": "",
                "default": [],
                "identity": [],
                "masking_policy": "",
                "name": "customer_id",
                "nullable": true,
                "schema_evolution_record": "",
                "type": "NUMBER(38,0)"
              },
              {
                "collate": "",
                "comment": "",
                "default": [],
                "identity": [],
                "masking_policy": "",
                "name": "COUNTRY",
                "nullable": true,
                "schema_evolution_record": "",
                "type": "VARCHAR(50)"
              },
              {
                "collate": "",
                "comment": "",
                "default": [],
                "identity": [],
                "masking_policy": "",
                "name": "SIGNUP_DATE",
                "nullable": true,
                "schema_evolution_record": "",
                "type": "DATE"
              }
            ],
            "comment": "Non-PII customer attributes safe for analysts",
            "data_retention_time_in_days": -1,
            "database": "ANALYTICS",
            "fully_qualified_name": "\"ANALYTICS\".\"NON_PII\".\"CUSTOMERS_PUBIC\"",
            "id": "ANALYTICS|NON_PII|CUSTOMERS_PUBIC",
            "name": "CUSTOMERS_PUBIC",
            "owner": "SYSADMIN",
            "primary_key": [],
            "schema": "NON_PII",
            "tag": []
          },
          "sensitive_attributes": [],
          "identity_schema_version": 0,
          "private": "bnVsbA==",
          "dependencies": [
            "snowflake_database.analytics",
            "snowflake_schema.non_pii"
          ]
        }
      ]
    }
  ],
  "check_results": null
}
